# THIS IS AN AUTOGENERATED FILE. DO NOT EDIT THIS FILE DIRECTLY.
# yarn lockfile v1


"@babel/runtime@^7.25.0":
  version "7.25.6"
  resolved "https://registry.yarnpkg.com/@babel/runtime/-/runtime-7.25.6.tgz#9afc3289f7184d8d7f98b099884c26317b9264d2"
  integrity sha512-VBj9MYyDb9tuLq7yzqjgzt6Q+IBQLrGZfdjOekyEirZPHxXWoTSGUTMrpsfi58Up73d13NfYLv8HT9vmznjzhQ==
  dependencies:
    regenerator-runtime "^0.14.0"

"@mui/icons-material@^6.0.1":
  version "6.0.1"
  resolved "https://registry.yarnpkg.com/@mui/icons-material/-/icons-material-6.0.1.tgz#439e6008fe522b2558be5b961f7c7ad4e38d6443"
  integrity sha512-CsgaF65jA3H1YzpDg6H2nFH/UHueVlmpEtPim7xF9VbjYnmnblG3aX0GflBahH96Pg0schrFWyRySlgbVAh5Kw==
  dependencies:
    "@babel/runtime" "^7.25.0"

regenerator-runtime@^0.14.0:
  version "0.14.1"
  resolved "https://registry.yarnpkg.com/regenerator-runtime/-/regenerator-runtime-0.14.1.tgz#356ade10263f685dda125100cd862c1db895327f"
  integrity sha512-dYnhHh0nJoMfnkZs6GmmhFknAGRrLznOu5nc9ML+EJxGvrx6H7teuevqVqCuPcPK//3eDrrjQhehXVx9cnkGdw==
